
Microsoft Visual Studio Solution File, Format Version 12.00
# Visual Studio 15
VisualStudioVersion = 15.0.28307.489
MinimumVisualStudioVersion = 10.0.40219.1
Project("{FAE04EC0-301F-11D3-BF4B-00C04F79EFBC}") = "Cards Game", "Cards Game\Cards Game.csproj", "{68871BA9-1F96-4E36-B50E-F2485C05CE02}"
EndProject
Global
	GlobalSection(SolutionConfigurationPlatforms) = preSolution
		Debug|Any CPU = Debug|Any CPU
		Release|Any CPU = Release|Any CPU
	EndGlobalSection
	GlobalSection(ProjectConfigurationPlatforms) = postSolution
		{68871BA9-1F96-4E36-B50E-F2485C05CE02}.Debug|Any CPU.ActiveCfg = Debug|Any CPU
		{68871BA9-1F96-4E36-B50E-F2485C05CE02}.Debug|Any CPU.Build.0 = Debug|Any CPU
		{68871BA9-1F96-4E36-B50E-F2485C05CE02}.Release|Any CPU.ActiveCfg = Release|Any CPU
		{68871BA9-1F96-4E36-B50E-F2485C05CE02}.Release|Any CPU.Build.0 = Release|Any CPU
	EndGlobalSection
	GlobalSection(SolutionProperties) = preSolution
		HideSolutionNode = FALSE
	EndGlobalSection
	GlobalSection(ExtensibilityGlobals) = postSolution
		SolutionGuid = {6EB5AF66-CFDB-41E6-9BE2-990916608964}
	EndGlobalSection
EndGlobal
