
Microsoft Visual Studio Solution File, Format Version 12.00
# Visual Studio 15
VisualStudioVersion = 15.0.28307.489
MinimumVisualStudioVersion = 10.0.40219.1
Project("{FAE04EC0-301F-11D3-BF4B-00C04F79EFBC}") = "Wedding Time", "Wedding Time\Wedding Time.csproj", "{66F6FFA9-94B3-4861-A626-96B68CAEE61C}"
EndProject
Global
	GlobalSection(SolutionConfigurationPlatforms) = preSolution
		Debug|Any CPU = Debug|Any CPU
		Release|Any CPU = Release|Any CPU
	EndGlobalSection
	GlobalSection(ProjectConfigurationPlatforms) = postSolution
		{66F6FFA9-94B3-4861-A626-96B68CAEE61C}.Debug|Any CPU.ActiveCfg = Debug|Any CPU
		{66F6FFA9-94B3-4861-A626-96B68CAEE61C}.Debug|Any CPU.Build.0 = Debug|Any CPU
		{66F6FFA9-94B3-4861-A626-96B68CAEE61C}.Release|Any CPU.ActiveCfg = Release|Any CPU
		{66F6FFA9-94B3-4861-A626-96B68CAEE61C}.Release|Any CPU.Build.0 = Release|Any CPU
	EndGlobalSection
	GlobalSection(SolutionProperties) = preSolution
		HideSolutionNode = FALSE
	EndGlobalSection
	GlobalSection(ExtensibilityGlobals) = postSolution
		SolutionGuid = {4398794D-42E7-416C-AB8C-C5968059308E}
	EndGlobalSection
EndGlobal
