
Microsoft Visual Studio Solution File, Format Version 12.00
# Visual Studio 15
VisualStudioVersion = 15.0.28307.489
MinimumVisualStudioVersion = 10.0.40219.1
Project("{FAE04EC0-301F-11D3-BF4B-00C04F79EFBC}") = "Fan Shop", "Fan Shop\Fan Shop.csproj", "{942C89D1-B00D-43FC-B9A8-F9C270D1ECD3}"
EndProject
Global
	GlobalSection(SolutionConfigurationPlatforms) = preSolution
		Debug|Any CPU = Debug|Any CPU
		Release|Any CPU = Release|Any CPU
	EndGlobalSection
	GlobalSection(ProjectConfigurationPlatforms) = postSolution
		{942C89D1-B00D-43FC-B9A8-F9C270D1ECD3}.Debug|Any CPU.ActiveCfg = Debug|Any CPU
		{942C89D1-B00D-43FC-B9A8-F9C270D1ECD3}.Debug|Any CPU.Build.0 = Debug|Any CPU
		{942C89D1-B00D-43FC-B9A8-F9C270D1ECD3}.Release|Any CPU.ActiveCfg = Release|Any CPU
		{942C89D1-B00D-43FC-B9A8-F9C270D1ECD3}.Release|Any CPU.Build.0 = Release|Any CPU
	EndGlobalSection
	GlobalSection(SolutionProperties) = preSolution
		HideSolutionNode = FALSE
	EndGlobalSection
	GlobalSection(ExtensibilityGlobals) = postSolution
		SolutionGuid = {E0A6F0FF-1CC8-46B3-BD40-86ACEBC39FB5}
	EndGlobalSection
EndGlobal
