
Microsoft Visual Studio Solution File, Format Version 12.00
# Visual Studio 15
VisualStudioVersion = 15.0.28307.489
MinimumVisualStudioVersion = 10.0.40219.1
Project("{FAE04EC0-301F-11D3-BF4B-00C04F79EFBC}") = "Beer And Chips", "Beer And Chips\Beer And Chips.csproj", "{A5D5736D-342D-4AC0-B677-BF4CF450D503}"
EndProject
Global
	GlobalSection(SolutionConfigurationPlatforms) = preSolution
		Debug|Any CPU = Debug|Any CPU
		Release|Any CPU = Release|Any CPU
	EndGlobalSection
	GlobalSection(ProjectConfigurationPlatforms) = postSolution
		{A5D5736D-342D-4AC0-B677-BF4CF450D503}.Debug|Any CPU.ActiveCfg = Debug|Any CPU
		{A5D5736D-342D-4AC0-B677-BF4CF450D503}.Debug|Any CPU.Build.0 = Debug|Any CPU
		{A5D5736D-342D-4AC0-B677-BF4CF450D503}.Release|Any CPU.ActiveCfg = Release|Any CPU
		{A5D5736D-342D-4AC0-B677-BF4CF450D503}.Release|Any CPU.Build.0 = Release|Any CPU
	EndGlobalSection
	GlobalSection(SolutionProperties) = preSolution
		HideSolutionNode = FALSE
	EndGlobalSection
	GlobalSection(ExtensibilityGlobals) = postSolution
		SolutionGuid = {AA32D76B-92F5-4F85-BF11-EEBAB9BCA03D}
	EndGlobalSection
EndGlobal
