
Microsoft Visual Studio Solution File, Format Version 12.00
# Visual Studio 15
VisualStudioVersion = 15.0.28307.489
MinimumVisualStudioVersion = 10.0.40219.1
Project("{FAE04EC0-301F-11D3-BF4B-00C04F79EFBC}") = "Wedding Investment", "Wedding Investment\Wedding Investment.csproj", "{9474A590-20D4-4DF4-A090-BAC62D1427FF}"
EndProject
Global
	GlobalSection(SolutionConfigurationPlatforms) = preSolution
		Debug|Any CPU = Debug|Any CPU
		Release|Any CPU = Release|Any CPU
	EndGlobalSection
	GlobalSection(ProjectConfigurationPlatforms) = postSolution
		{9474A590-20D4-4DF4-A090-BAC62D1427FF}.Debug|Any CPU.ActiveCfg = Debug|Any CPU
		{9474A590-20D4-4DF4-A090-BAC62D1427FF}.Debug|Any CPU.Build.0 = Debug|Any CPU
		{9474A590-20D4-4DF4-A090-BAC62D1427FF}.Release|Any CPU.ActiveCfg = Release|Any CPU
		{9474A590-20D4-4DF4-A090-BAC62D1427FF}.Release|Any CPU.Build.0 = Release|Any CPU
	EndGlobalSection
	GlobalSection(SolutionProperties) = preSolution
		HideSolutionNode = FALSE
	EndGlobalSection
	GlobalSection(ExtensibilityGlobals) = postSolution
		SolutionGuid = {53055B98-0CA6-4C6E-8601-34F316A472ED}
	EndGlobalSection
EndGlobal
