
Microsoft Visual Studio Solution File, Format Version 12.00
# Visual Studio Version 16
VisualStudioVersion = 16.0.28803.156
MinimumVisualStudioVersion = 10.0.40219.1
Project("{FAE04EC0-301F-11D3-BF4B-00C04F79EFBC}") = "Sum Matrix Elements", "Sum Matrix Elements\Sum Matrix Elements.csproj", "{F56940BC-8181-49A3-946E-DB94AA8EC6F9}"
EndProject
Global
	GlobalSection(SolutionConfigurationPlatforms) = preSolution
		Debug|Any CPU = Debug|Any CPU
		Release|Any CPU = Release|Any CPU
	EndGlobalSection
	GlobalSection(ProjectConfigurationPlatforms) = postSolution
		{F56940BC-8181-49A3-946E-DB94AA8EC6F9}.Debug|Any CPU.ActiveCfg = Debug|Any CPU
		{F56940BC-8181-49A3-946E-DB94AA8EC6F9}.Debug|Any CPU.Build.0 = Debug|Any CPU
		{F56940BC-8181-49A3-946E-DB94AA8EC6F9}.Release|Any CPU.ActiveCfg = Release|Any CPU
		{F56940BC-8181-49A3-946E-DB94AA8EC6F9}.Release|Any CPU.Build.0 = Release|Any CPU
	EndGlobalSection
	GlobalSection(SolutionProperties) = preSolution
		HideSolutionNode = FALSE
	EndGlobalSection
	GlobalSection(ExtensibilityGlobals) = postSolution
		SolutionGuid = {3D56E16F-04C7-4B19-B8CC-BAA58E296B0D}
	EndGlobalSection
EndGlobal
