
Microsoft Visual Studio Solution File, Format Version 12.00
# Visual Studio Version 16
VisualStudioVersion = 16.0.29609.76
MinimumVisualStudioVersion = 10.0.40219.1
Project("{FAE04EC0-301F-11D3-BF4B-00C04F79EFBC}") = "solve", "solve.csproj", "{3BA256CC-24F5-4FEA-806C-94CC763B6254}"
EndProject
Global
	GlobalSection(SolutionConfigurationPlatforms) = preSolution
		Debug|Any CPU = Debug|Any CPU
		Release|Any CPU = Release|Any CPU
	EndGlobalSection
	GlobalSection(ProjectConfigurationPlatforms) = postSolution
		{3BA256CC-24F5-4FEA-806C-94CC763B6254}.Debug|Any CPU.ActiveCfg = Debug|Any CPU
		{3BA256CC-24F5-4FEA-806C-94CC763B6254}.Debug|Any CPU.Build.0 = Debug|Any CPU
		{3BA256CC-24F5-4FEA-806C-94CC763B6254}.Release|Any CPU.ActiveCfg = Release|Any CPU
		{3BA256CC-24F5-4FEA-806C-94CC763B6254}.Release|Any CPU.Build.0 = Release|Any CPU
	EndGlobalSection
	GlobalSection(SolutionProperties) = preSolution
		HideSolutionNode = FALSE
	EndGlobalSection
	GlobalSection(ExtensibilityGlobals) = postSolution
		SolutionGuid = {203041AF-F99B-46DA-B2E9-11AE4B4696DE}
	EndGlobalSection
EndGlobal
