
Microsoft Visual Studio Solution File, Format Version 12.00
# Visual Studio Version 16
VisualStudioVersion = 16.0.29609.76
MinimumVisualStudioVersion = 10.0.40219.1
Project("{FAE04EC0-301F-11D3-BF4B-00C04F79EFBC}") = "Diagonal-Difference", "Diagonal-Difference.csproj", "{98E9BA59-25BE-43F0-A1B8-388B000CE71C}"
EndProject
Project("{FAE04EC0-301F-11D3-BF4B-00C04F79EFBC}") = "Squares-in-Matrix", "..\Squares-in-Matrix\Squares-in-Matrix.csproj", "{E6A69567-BFF9-4FB3-BCBC-1E484223E561}"
EndProject
Global
	GlobalSection(SolutionConfigurationPlatforms) = preSolution
		Debug|Any CPU = Debug|Any CPU
		Release|Any CPU = Release|Any CPU
	EndGlobalSection
	GlobalSection(ProjectConfigurationPlatforms) = postSolution
		{98E9BA59-25BE-43F0-A1B8-388B000CE71C}.Debug|Any CPU.ActiveCfg = Debug|Any CPU
		{98E9BA59-25BE-43F0-A1B8-388B000CE71C}.Debug|Any CPU.Build.0 = Debug|Any CPU
		{98E9BA59-25BE-43F0-A1B8-388B000CE71C}.Release|Any CPU.ActiveCfg = Release|Any CPU
		{98E9BA59-25BE-43F0-A1B8-388B000CE71C}.Release|Any CPU.Build.0 = Release|Any CPU
		{E6A69567-BFF9-4FB3-BCBC-1E484223E561}.Debug|Any CPU.ActiveCfg = Debug|Any CPU
		{E6A69567-BFF9-4FB3-BCBC-1E484223E561}.Debug|Any CPU.Build.0 = Debug|Any CPU
		{E6A69567-BFF9-4FB3-BCBC-1E484223E561}.Release|Any CPU.ActiveCfg = Release|Any CPU
		{E6A69567-BFF9-4FB3-BCBC-1E484223E561}.Release|Any CPU.Build.0 = Release|Any CPU
	EndGlobalSection
	GlobalSection(SolutionProperties) = preSolution
		HideSolutionNode = FALSE
	EndGlobalSection
	GlobalSection(ExtensibilityGlobals) = postSolution
		SolutionGuid = {1A357A87-6F36-4C8F-88DF-222A0066CE49}
	EndGlobalSection
EndGlobal
