
Microsoft Visual Studio Solution File, Format Version 12.00
# Visual Studio 15
VisualStudioVersion = 15.0.28307.489
MinimumVisualStudioVersion = 10.0.40219.1
Project("{FAE04EC0-301F-11D3-BF4B-00C04F79EFBC}") = "Maiden Party", "Maiden Party\Maiden Party.csproj", "{730CD366-2B42-4012-AA67-A4C9EAA74384}"
EndProject
Global
	GlobalSection(SolutionConfigurationPlatforms) = preSolution
		Debug|Any CPU = Debug|Any CPU
		Release|Any CPU = Release|Any CPU
	EndGlobalSection
	GlobalSection(ProjectConfigurationPlatforms) = postSolution
		{730CD366-2B42-4012-AA67-A4C9EAA74384}.Debug|Any CPU.ActiveCfg = Debug|Any CPU
		{730CD366-2B42-4012-AA67-A4C9EAA74384}.Debug|Any CPU.Build.0 = Debug|Any CPU
		{730CD366-2B42-4012-AA67-A4C9EAA74384}.Release|Any CPU.ActiveCfg = Release|Any CPU
		{730CD366-2B42-4012-AA67-A4C9EAA74384}.Release|Any CPU.Build.0 = Release|Any CPU
	EndGlobalSection
	GlobalSection(SolutionProperties) = preSolution
		HideSolutionNode = FALSE
	EndGlobalSection
	GlobalSection(ExtensibilityGlobals) = postSolution
		SolutionGuid = {AAF3A62B-6393-45ED-891C-972D7BD3C602}
	EndGlobalSection
EndGlobal
