
Microsoft Visual Studio Solution File, Format Version 12.00
# Visual Studio 15
VisualStudioVersion = 15.0.28307.489
MinimumVisualStudioVersion = 10.0.40219.1
Project("{FAE04EC0-301F-11D3-BF4B-00C04F79EFBC}") = "List Operations", "List Operations\List Operations.csproj", "{65911561-7B17-4800-8F0B-30178CFA52F1}"
EndProject
Global
	GlobalSection(SolutionConfigurationPlatforms) = preSolution
		Debug|Any CPU = Debug|Any CPU
		Release|Any CPU = Release|Any CPU
	EndGlobalSection
	GlobalSection(ProjectConfigurationPlatforms) = postSolution
		{65911561-7B17-4800-8F0B-30178CFA52F1}.Debug|Any CPU.ActiveCfg = Debug|Any CPU
		{65911561-7B17-4800-8F0B-30178CFA52F1}.Debug|Any CPU.Build.0 = Debug|Any CPU
		{65911561-7B17-4800-8F0B-30178CFA52F1}.Release|Any CPU.ActiveCfg = Release|Any CPU
		{65911561-7B17-4800-8F0B-30178CFA52F1}.Release|Any CPU.Build.0 = Release|Any CPU
	EndGlobalSection
	GlobalSection(SolutionProperties) = preSolution
		HideSolutionNode = FALSE
	EndGlobalSection
	GlobalSection(ExtensibilityGlobals) = postSolution
		SolutionGuid = {9DF7DF00-60A1-4B94-83DE-97F2586C8196}
	EndGlobalSection
EndGlobal
