
Microsoft Visual Studio Solution File, Format Version 12.00
# Visual Studio 15
VisualStudioVersion = 15.0.28307.489
MinimumVisualStudioVersion = 10.0.40219.1
Project("{FAE04EC0-301F-11D3-BF4B-00C04F79EFBC}") = "Train", "Train\Train.csproj", "{DD33E173-23BB-43F6-BAC9-4BF206E056BF}"
EndProject
Global
	GlobalSection(SolutionConfigurationPlatforms) = preSolution
		Debug|Any CPU = Debug|Any CPU
		Release|Any CPU = Release|Any CPU
	EndGlobalSection
	GlobalSection(ProjectConfigurationPlatforms) = postSolution
		{DD33E173-23BB-43F6-BAC9-4BF206E056BF}.Debug|Any CPU.ActiveCfg = Debug|Any CPU
		{DD33E173-23BB-43F6-BAC9-4BF206E056BF}.Debug|Any CPU.Build.0 = Debug|Any CPU
		{DD33E173-23BB-43F6-BAC9-4BF206E056BF}.Release|Any CPU.ActiveCfg = Release|Any CPU
		{DD33E173-23BB-43F6-BAC9-4BF206E056BF}.Release|Any CPU.Build.0 = Release|Any CPU
	EndGlobalSection
	GlobalSection(SolutionProperties) = preSolution
		HideSolutionNode = FALSE
	EndGlobalSection
	GlobalSection(ExtensibilityGlobals) = postSolution
		SolutionGuid = {A6BC78B5-6108-4720-B165-6AB2E88B5B55}
	EndGlobalSection
EndGlobal
